
Microsoft Visual Studio Solution File, Format Version 12.00
# Visual Studio 2013
VisualStudioVersion = 12.0.30501.0
MinimumVisualStudioVersion = 10.0.40219.1
Project("{FAE04EC0-301F-11D3-BF4B-00C04F79EFBC}") = "PowerShellProvider", "PowerShellProvider\PowerShellProvider.csproj", "{094BE673-2F68-46F7-BA82-C2BC73EAECF0}"
EndProject
Project("{FAE04EC0-301F-11D3-BF4B-00C04F79EFBC}") = "StackOverflowAPI", "StackOverflowAPI\StackOverflowAPI.csproj", "{63715BA1-6E9D-478D-9DE3-8643BBFE0FC4}"
EndProject
Global
	GlobalSection(SolutionConfigurationPlatforms) = preSolution
		Debug|Any CPU = Debug|Any CPU
		Release|Any CPU = Release|Any CPU
	EndGlobalSection
	GlobalSection(ProjectConfigurationPlatforms) = postSolution
		{094BE673-2F68-46F7-BA82-C2BC73EAECF0}.Debug|Any CPU.ActiveCfg = Debug|Any CPU
		{094BE673-2F68-46F7-BA82-C2BC73EAECF0}.Debug|Any CPU.Build.0 = Debug|Any CPU
		{094BE673-2F68-46F7-BA82-C2BC73EAECF0}.Release|Any CPU.ActiveCfg = Release|Any CPU
		{094BE673-2F68-46F7-BA82-C2BC73EAECF0}.Release|Any CPU.Build.0 = Release|Any CPU
		{63715BA1-6E9D-478D-9DE3-8643BBFE0FC4}.Debug|Any CPU.ActiveCfg = Debug|Any CPU
		{63715BA1-6E9D-478D-9DE3-8643BBFE0FC4}.Debug|Any CPU.Build.0 = Debug|Any CPU
		{63715BA1-6E9D-478D-9DE3-8643BBFE0FC4}.Release|Any CPU.ActiveCfg = Release|Any CPU
		{63715BA1-6E9D-478D-9DE3-8643BBFE0FC4}.Release|Any CPU.Build.0 = Release|Any CPU
	EndGlobalSection
	GlobalSection(SolutionProperties) = preSolution
		HideSolutionNode = FALSE
	EndGlobalSection
EndGlobal
